schema: '2.0'
stages:
  load_data:
    cmd: python src/load_data.py --config=params.yaml
    deps:
    - path: data_given/diabetes.csv
      md5: 1c644ff1dd47bea0375d260747f2e40a
      size: 23875
    - path: src/get_data.py
      md5: 7538ece88692fd23b1809312923d951b
      size: 638
    - path: src/load_data.py
      md5: 5482ff74e6cfed229d22816d6e91006d
      size: 588
    outs:
    - path: data/raw/diabetes.csv
      md5: 60acca81995dc9744b499005ecfe6f2a
      size: 24059
  split_data:
    cmd: python src/split_data.py --config=params.yaml
    deps:
    - path: data/raw/diabetes.csv
      md5: 60acca81995dc9744b499005ecfe6f2a
      size: 24059
    - path: src/split_data.py
      md5: 3681e6af6cc8d35568e3a4ce8ef5fc52
      size: 1103
    outs:
    - path: data/processed/test_diabetes.csv
      md5: 5aaa75439a81b8e5e974a569daba13a2
      size: 4873
    - path: data/processed/train_diabetes.csv
      md5: d7b2c68a46e9e89f7ae9e5deeaf89fab
      size: 19284
